{
  "version": 4,
  "terraform_version": "1.5.7",
  "serial": 66,
  "lineage": "e77734aa-489a-8d2f-1798-10c50e173e15",
  "outputs": {},
  "resources": [
    {
      "mode": "managed",
      "type": "aws_key_pair",
      "name": "default",
      "provider": "provider[\"registry.terraform.io/hashicorp/aws\"]",
      "instances": [
        {
          "schema_version": 1,
          "attributes": {
            "arn": "arn:aws:ec2:us-east-1:750067408510:key-pair/Terraform-key",
            "fingerprint": "1f:0b:75:de:4b:9c:ed:6e:f4:0f:b2:10:ec:59:de:02",
            "id": "Terraform-key",
            "key_name": "Terraform-key",
            "key_name_prefix": "",
            "key_pair_id": "key-0e721f51180b481d9",
            "key_type": "rsa",
            "public_key": "ssh-rsa AAAAB3NzaC1yc2EAAAADAQABAAACAQC2XDTmO9bd6eYzzBYwBSAj5PdDsEk2USyXWiwIrxiqYdP3SiDLgbYPw2PYlAv7Ms9UiRrNgKmn4DCPYzBLgw2+7exUHZu5SOAj5+07BOJ1sa21gGs3vPTBjVLxmwyeF/MZZ93QpVgRGW3NNKHBYSU87/qmiH3SZHFho9J6QKbSh/XQbDcpDQhfmx3GOChneuBkQ047qntAqim4Vt9hyTATpcy13AC84FWwFr+g1Ih0S7F08IqNgN1lg01l3kgDZ10cD8XNWbCsmVVuqN/8ynIArJqHJniDytbWhFuzWE7PfUrB/1Fch8Wm4++76FeLhaypy0QVtQPsAKlQzJM4EnUld/FaugP8D8/W1Vk3tJGqJe92N1695TV/KOT9/CwXHhtzAn95bMJEU9quamDCRujqCPpv8eK24QeNGOCBFQcvT7KpaTHvrC3CXFcbEHZ7mOb1oJFBbjb2V59rz6K5lOoHDY8d6/OCXSrqw2FW1lHHPGhWmHZKDywBP3ySulRVeI31dGXYscKEF9NDNKF1UApdfFBbTEd/EIvvPEErTqgSzdqOYj4wp1rr8j/etl6+eQcHRS3RiKUCw8pLkmpz4me04skqoiEj96lsT3qIFGzcoZI4F0nk44k6r9a8xfgXWkVQ6zNqzFNoqUBCFuTmaH5ldUB01ycKWJV3hpLcrqZBYw== codespace@codespaces-47aa5a",
            "region": "us-east-1",
            "tags": null,
            "tags_all": {}
          },
          "sensitive_attributes": [],
          "private": "eyJzY2hlbWFfdmVyc2lvbiI6IjEifQ=="
        }
      ]
    },
    {
      "module": "module.dev_instance",
      "mode": "data",
      "type": "aws_vpc",
      "name": "default",
      "provider": "provider[\"registry.terraform.io/hashicorp/aws\"]",
      "instances": [
        {
          "schema_version": 0,
          "attributes": {
            "arn": "arn:aws:ec2:us-east-1:750067408510:vpc/vpc-045dd4ae40cafaf56",
            "cidr_block": "172.31.0.0/16",
            "cidr_block_associations": [
              {
                "association_id": "vpc-cidr-assoc-079bfa11d504a788e",
                "cidr_block": "172.31.0.0/16",
                "state": "associated"
              }
            ],
            "default": true,
            "dhcp_options_id": "dopt-08c07510c28ab9bf3",
            "enable_dns_hostnames": true,
            "enable_dns_support": true,
            "enable_network_address_usage_metrics": false,
            "filter": null,
            "id": "vpc-045dd4ae40cafaf56",
            "instance_tenancy": "default",
            "ipv6_association_id": "",
            "ipv6_cidr_block": "",
            "main_route_table_id": "rtb-0d76ba63568f49217",
            "owner_id": "750067408510",
            "region": "us-east-1",
            "state": null,
            "tags": {},
            "timeouts": null
          },
          "sensitive_attributes": []
        }
      ]
    },
    {
      "module": "module.dev_instance",
      "mode": "managed",
      "type": "aws_instance",
      "name": "example",
      "provider": "provider[\"registry.terraform.io/hashicorp/aws\"]",
      "instances": []
    },
    {
      "module": "module.dev_instance",
      "mode": "managed",
      "type": "aws_security_group",
      "name": "ec2_sg",
      "provider": "provider[\"registry.terraform.io/hashicorp/aws\"]",
      "instances": [
        {
          "schema_version": 1,
          "attributes": {
            "arn": "arn:aws:ec2:us-east-1:750067408510:security-group/sg-0f7157cfb870f0752",
            "description": "Allow SSH inbound traffic",
            "egress": [
              {
                "cidr_blocks": [
                  "0.0.0.0/0"
                ],
                "description": "",
                "from_port": 0,
                "ipv6_cidr_blocks": [],
                "prefix_list_ids": [],
                "protocol": "-1",
                "security_groups": [],
                "self": false,
                "to_port": 0
              }
            ],
            "id": "sg-0f7157cfb870f0752",
            "ingress": [
              {
                "cidr_blocks": [
                  "0.0.0.0/0"
                ],
                "description": "",
                "from_port": 22,
                "ipv6_cidr_blocks": [],
                "prefix_list_ids": [],
                "protocol": "tcp",
                "security_groups": [],
                "self": false,
                "to_port": 22
              }
            ],
            "name": "allow_ssh-dev",
            "name_prefix": "",
            "owner_id": "750067408510",
            "region": "us-east-1",
            "revoke_rules_on_delete": false,
            "tags": {},
            "tags_all": {},
            "timeouts": null,
            "vpc_id": "vpc-045dd4ae40cafaf56"
          },
          "sensitive_attributes": [],
          "private": "eyJlMmJmYjczMC1lY2FhLTExZTYtOGY4OC0zNDM2M2JjN2M0YzAiOnsiY3JlYXRlIjo2MDAwMDAwMDAwMDAsImRlbGV0ZSI6OTAwMDAwMDAwMDAwfSwic2NoZW1hX3ZlcnNpb24iOiIxIn0=",
          "dependencies": [
            "module.dev_instance.data.aws_vpc.default"
          ]
        }
      ]
    },
    {
      "module": "module.prod_instance",
      "mode": "data",
      "type": "aws_vpc",
      "name": "default",
      "provider": "provider[\"registry.terraform.io/hashicorp/aws\"]",
      "instances": [
        {
          "schema_version": 0,
          "attributes": {
            "arn": "arn:aws:ec2:us-east-1:750067408510:vpc/vpc-045dd4ae40cafaf56",
            "cidr_block": "172.31.0.0/16",
            "cidr_block_associations": [
              {
                "association_id": "vpc-cidr-assoc-079bfa11d504a788e",
                "cidr_block": "172.31.0.0/16",
                "state": "associated"
              }
            ],
            "default": true,
            "dhcp_options_id": "dopt-08c07510c28ab9bf3",
            "enable_dns_hostnames": true,
            "enable_dns_support": true,
            "enable_network_address_usage_metrics": false,
            "filter": null,
            "id": "vpc-045dd4ae40cafaf56",
            "instance_tenancy": "default",
            "ipv6_association_id": "",
            "ipv6_cidr_block": "",
            "main_route_table_id": "rtb-0d76ba63568f49217",
            "owner_id": "750067408510",
            "region": "us-east-1",
            "state": null,
            "tags": {},
            "timeouts": null
          },
          "sensitive_attributes": []
        }
      ]
    },
    {
      "module": "module.prod_instance",
      "mode": "managed",
      "type": "aws_instance",
      "name": "example",
      "provider": "provider[\"registry.terraform.io/hashicorp/aws\"]",
      "instances": []
    },
    {
      "module": "module.prod_instance",
      "mode": "managed",
      "type": "aws_security_group",
      "name": "ec2_sg",
      "provider": "provider[\"registry.terraform.io/hashicorp/aws\"]",
      "instances": [
        {
          "schema_version": 1,
          "attributes": {
            "arn": "arn:aws:ec2:us-east-1:750067408510:security-group/sg-0446a5c10aef982a6",
            "description": "Allow SSH inbound traffic",
            "egress": [
              {
                "cidr_blocks": [
                  "0.0.0.0/0"
                ],
                "description": "",
                "from_port": 0,
                "ipv6_cidr_blocks": [],
                "prefix_list_ids": [],
                "protocol": "-1",
                "security_groups": [],
                "self": false,
                "to_port": 0
              }
            ],
            "id": "sg-0446a5c10aef982a6",
            "ingress": [
              {
                "cidr_blocks": [
                  "0.0.0.0/0"
                ],
                "description": "",
                "from_port": 22,
                "ipv6_cidr_blocks": [],
                "prefix_list_ids": [],
                "protocol": "tcp",
                "security_groups": [],
                "self": false,
                "to_port": 22
              }
            ],
            "name": "allow_ssh-prod",
            "name_prefix": "",
            "owner_id": "750067408510",
            "region": "us-east-1",
            "revoke_rules_on_delete": false,
            "tags": {},
            "tags_all": {},
            "timeouts": null,
            "vpc_id": "vpc-045dd4ae40cafaf56"
          },
          "sensitive_attributes": [],
          "private": "eyJlMmJmYjczMC1lY2FhLTExZTYtOGY4OC0zNDM2M2JjN2M0YzAiOnsiY3JlYXRlIjo2MDAwMDAwMDAwMDAsImRlbGV0ZSI6OTAwMDAwMDAwMDAwfSwic2NoZW1hX3ZlcnNpb24iOiIxIn0=",
          "dependencies": [
            "module.prod_instance.data.aws_vpc.default"
          ]
        }
      ]
    }
  ],
  "check_results": null
}
